
Microsoft Visual Studio Solution File, Format Version 12.00
# Visual Studio Version 16
VisualStudioVersion = 16.0.29926.136
MinimumVisualStudioVersion = 10.0.40219.1
Project("{2150E333-8FDC-42A3-9474-1A3956D46DE8}") = "01 Framework", "01 Framework", "{0A4C57AA-412A-4594-9023-4481CBC514A5}"
EndProject
Project("{2150E333-8FDC-42A3-9474-1A3956D46DE8}") = "02 Modules", "02 Modules", "{C69095D1-264D-42F3-AA2E-856E3B94B7AC}"
EndProject
Project("{2150E333-8FDC-42A3-9474-1A3956D46DE8}") = "04 Hosts", "04 Hosts", "{B3B3032F-5CD6-4E94-A6A3-A90760AE48F6}"
EndProject
Project("{2150E333-8FDC-42A3-9474-1A3956D46DE8}") = "Applications", "Applications", "{03E3405D-9B11-4101-A789-226467C2DB9B}"
EndProject
Project("{2150E333-8FDC-42A3-9474-1A3956D46DE8}") = "Gateways", "Gateways", "{73A1F878-5611-43AD-8A1F-68C51931C0FF}"
EndProject
Project("{2150E333-8FDC-42A3-9474-1A3956D46DE8}") = "Services", "Services", "{2C91776B-6A6C-4477-9022-26CD829860B9}"
EndProject
Project("{2150E333-8FDC-42A3-9474-1A3956D46DE8}") = "Solution Items", "Solution Items", "{7F0AF854-19DB-4639-B80D-D955752F19AC}"
EndProject
Project("{9A19103F-16F7-4668-BE54-9A1E7A4F7556}") = "Com.OPPO.Mo.Hangfire", "Framework\Com.OPPO.Mo.Job.Hangfire\Com.OPPO.Mo.Hangfire.csproj", "{89FDF229-74C4-459C-BA15-0F6FCF1341AF}"
EndProject
Project("{2150E333-8FDC-42A3-9474-1A3956D46DE8}") = "Workflow", "Workflow", "{B8DE031F-68C4-4E18-A545-0A7333E700BB}"
EndProject
Project("{2150E333-8FDC-42A3-9474-1A3956D46DE8}") = "HumanResouce", "HumanResouce", "{E559F138-CF20-441C-995F-0B0DE9425116}"
EndProject
Project("{2150E333-8FDC-42A3-9474-1A3956D46DE8}") = "Finance", "Finance", "{49FCB6B4-9194-4489-9708-9E494EFD8A44}"
EndProject
Project("{2150E333-8FDC-42A3-9474-1A3956D46DE8}") = "Marketing", "Marketing", "{73E1D608-5C45-4D5E-A1EA-DD29DB98852A}"
EndProject
Project("{2150E333-8FDC-42A3-9474-1A3956D46DE8}") = "SupplyChain", "SupplyChain", "{0278958C-6F0D-4BD0-A01B-A79B4386E102}"
EndProject
Project("{2150E333-8FDC-42A3-9474-1A3956D46DE8}") = "Manufacturing", "Manufacturing", "{86F2DAAC-22D4-4C58-926B-6AB077A7FD77}"
EndProject
Project("{9A19103F-16F7-4668-BE54-9A1E7A4F7556}") = "Com.OPPO.Mo.Configuration", "Framework\Com.OPPO.Mo.Configuration\Com.OPPO.Mo.Configuration.csproj", "{BEA660B2-F255-4939-BCF3-3F8339EA3479}"
EndProject
Project("{2150E333-8FDC-42A3-9474-1A3956D46DE8}") = "Logistics", "Logistics", "{A016748B-4EF3-4A3F-9662-AA4F3ABF5136}"
EndProject
Project("{2150E333-8FDC-42A3-9474-1A3956D46DE8}") = "Purchasing", "Purchasing", "{DB6A86C3-0B6F-4EC5-A725-55430B2AA970}"
EndProject
Project("{2150E333-8FDC-42A3-9474-1A3956D46DE8}") = "03 Bussiness", "03 Bussiness", "{AB517A75-E0BF-44CC-85E5-BFF1CCE6131E}"
EndProject
Project("{2150E333-8FDC-42A3-9474-1A3956D46DE8}") = "Email", "Email", "{33BC35C0-8CDC-4112-9200-A4E5CB58E7FE}"
EndProject
Project("{2150E333-8FDC-42A3-9474-1A3956D46DE8}") = "Inmail", "Inmail", "{820C95B3-7A19-4C48-A706-7BC5FE8A6850}"
EndProject
Project("{9A19103F-16F7-4668-BE54-9A1E7A4F7556}") = "Com.OPPO.Mo.AuthServer", "Hosts\Applications\Com.OPPO.Mo.AuthServer\Com.OPPO.Mo.AuthServer.csproj", "{554801E3-9BB3-4872-ACF0-05B9F0046136}"
EndProject
Project("{9A19103F-16F7-4668-BE54-9A1E7A4F7556}") = "Com.OPPO.Mo.Core", "Framework\Com.OPPO.Mo.Core\Com.OPPO.Mo.Core.csproj", "{BD880527-822A-4A2F-A309-0891704AA680}"
EndProject
Project("{9A19103F-16F7-4668-BE54-9A1E7A4F7556}") = "Com.OPPO.Mo.InternalGateway", "Hosts\Gateways\Com.OPPO.Mo.InternalGateway\Com.OPPO.Mo.InternalGateway.csproj", "{1EADB241-7700-457D-A841-4A89E2EEDF32}"
EndProject
Project("{9A19103F-16F7-4668-BE54-9A1E7A4F7556}") = "Com.OPPO.Mo.PublicGateway", "Hosts\Gateways\Com.OPPO.Mo.PublicGateway\Com.OPPO.Mo.PublicGateway.csproj", "{16A88B04-D55F-4FF1-BA59-9862CE723153}"
EndProject
Project("{9A19103F-16F7-4668-BE54-9A1E7A4F7556}") = "Com.OPPO.Mo.ConsoleClient", "Hosts\Applications\Com.OPPO.Mo.ConsoleClient\Com.OPPO.Mo.ConsoleClient.csproj", "{FCF903BF-C777-466A-A394-D73105DAEAA0}"
EndProject
Project("{9A19103F-16F7-4668-BE54-9A1E7A4F7556}") = "Com.OPPO.Mo.InmailService", "Hosts\Services\Com.OPPO.Mo.InmailService\Com.OPPO.Mo.InmailService.csproj", "{304DCB6C-C52F-422C-A7A3-678703BA8A0A}"
EndProject
Project("{9A19103F-16F7-4668-BE54-9A1E7A4F7556}") = "Com.OPPO.Mo.WorkflowService", "Hosts\Services\Com.OPPO.Mo.WorkflowService\Com.OPPO.Mo.WorkflowService.csproj", "{E0081A44-667F-45A9-8C57-B16ACB18637A}"
EndProject
Project("{9A19103F-16F7-4668-BE54-9A1E7A4F7556}") = "Com.OPPO.Mo.ExternalService", "Hosts\Services\Com.OPPO.Mo.ExternalService\Com.OPPO.Mo.ExternalService.csproj", "{561D3320-D328-46BE-97AF-DD09320B1EC6}"
EndProject
Project("{2150E333-8FDC-42A3-9474-1A3956D46DE8}") = "TeamTalk", "TeamTalk", "{9A9FD3E5-C4FF-41ED-BFAD-216777C80760}"
EndProject
Project("{9A19103F-16F7-4668-BE54-9A1E7A4F7556}") = "Com.OPPO.Mo.IdentityService", "Hosts\Services\Com.OPPO.Mo.IdentityService\Com.OPPO.Mo.IdentityService.csproj", "{AA05A368-05D0-494C-9479-963789AE0650}"
EndProject
Project("{9A19103F-16F7-4668-BE54-9A1E7A4F7556}") = "Com.OPPO.Mo.BlogService", "Hosts\Services\Com.OPPO.Mo.BlogService\Com.OPPO.Mo.BlogService.csproj", "{2B267F6F-15D8-4ACA-8431-04925DFD793D}"
EndProject
Project("{9A19103F-16F7-4668-BE54-9A1E7A4F7556}") = "Volo.Abp.Account.Web.IdentityServer", "Framework\Volo.Abp.Account.Web.IdentityServer\Volo.Abp.Account.Web.IdentityServer.csproj", "{3317A6ED-B1E2-4D27-91DA-057AD338DD52}"
EndProject
Project("{FAE04EC0-301F-11D3-BF4B-00C04F79EFBC}") = "Xpress.Authentication.OpenIdConnect", "Framework\Xpress.Authentication.OpenIdConnect\Xpress.Authentication.OpenIdConnect.csproj", "{F593B185-D6E3-44F8-8369-E860C57D2761}"
EndProject
Project("{9A19103F-16F7-4668-BE54-9A1E7A4F7556}") = "Com.OPPO.Mo.BackendAdmin", "Hosts\Applications\Com.OPPO.Mo.BackendAdmin\Com.OPPO.Mo.BackendAdmin.csproj", "{1C877214-1B31-47B8-BB40-B2EC0C75427B}"
EndProject
Global
	GlobalSection(SolutionConfigurationPlatforms) = preSolution
		Debug|Any CPU = Debug|Any CPU
		Release|Any CPU = Release|Any CPU
	EndGlobalSection
	GlobalSection(ProjectConfigurationPlatforms) = postSolution
		{89FDF229-74C4-459C-BA15-0F6FCF1341AF}.Debug|Any CPU.ActiveCfg = Debug|Any CPU
		{89FDF229-74C4-459C-BA15-0F6FCF1341AF}.Debug|Any CPU.Build.0 = Debug|Any CPU
		{89FDF229-74C4-459C-BA15-0F6FCF1341AF}.Release|Any CPU.ActiveCfg = Release|Any CPU
		{89FDF229-74C4-459C-BA15-0F6FCF1341AF}.Release|Any CPU.Build.0 = Release|Any CPU
		{BEA660B2-F255-4939-BCF3-3F8339EA3479}.Debug|Any CPU.ActiveCfg = Debug|Any CPU
		{BEA660B2-F255-4939-BCF3-3F8339EA3479}.Debug|Any CPU.Build.0 = Debug|Any CPU
		{BEA660B2-F255-4939-BCF3-3F8339EA3479}.Release|Any CPU.ActiveCfg = Release|Any CPU
		{BEA660B2-F255-4939-BCF3-3F8339EA3479}.Release|Any CPU.Build.0 = Release|Any CPU
		{554801E3-9BB3-4872-ACF0-05B9F0046136}.Debug|Any CPU.ActiveCfg = Debug|Any CPU
		{554801E3-9BB3-4872-ACF0-05B9F0046136}.Debug|Any CPU.Build.0 = Debug|Any CPU
		{554801E3-9BB3-4872-ACF0-05B9F0046136}.Release|Any CPU.ActiveCfg = Release|Any CPU
		{554801E3-9BB3-4872-ACF0-05B9F0046136}.Release|Any CPU.Build.0 = Release|Any CPU
		{BD880527-822A-4A2F-A309-0891704AA680}.Debug|Any CPU.ActiveCfg = Debug|Any CPU
		{BD880527-822A-4A2F-A309-0891704AA680}.Debug|Any CPU.Build.0 = Debug|Any CPU
		{BD880527-822A-4A2F-A309-0891704AA680}.Release|Any CPU.ActiveCfg = Release|Any CPU
		{BD880527-822A-4A2F-A309-0891704AA680}.Release|Any CPU.Build.0 = Release|Any CPU
		{1EADB241-7700-457D-A841-4A89E2EEDF32}.Debug|Any CPU.ActiveCfg = Debug|Any CPU
		{1EADB241-7700-457D-A841-4A89E2EEDF32}.Debug|Any CPU.Build.0 = Debug|Any CPU
		{1EADB241-7700-457D-A841-4A89E2EEDF32}.Release|Any CPU.ActiveCfg = Release|Any CPU
		{1EADB241-7700-457D-A841-4A89E2EEDF32}.Release|Any CPU.Build.0 = Release|Any CPU
		{16A88B04-D55F-4FF1-BA59-9862CE723153}.Debug|Any CPU.ActiveCfg = Debug|Any CPU
		{16A88B04-D55F-4FF1-BA59-9862CE723153}.Debug|Any CPU.Build.0 = Debug|Any CPU
		{16A88B04-D55F-4FF1-BA59-9862CE723153}.Release|Any CPU.ActiveCfg = Release|Any CPU
		{16A88B04-D55F-4FF1-BA59-9862CE723153}.Release|Any CPU.Build.0 = Release|Any CPU
		{FCF903BF-C777-466A-A394-D73105DAEAA0}.Debug|Any CPU.ActiveCfg = Debug|Any CPU
		{FCF903BF-C777-466A-A394-D73105DAEAA0}.Debug|Any CPU.Build.0 = Debug|Any CPU
		{FCF903BF-C777-466A-A394-D73105DAEAA0}.Release|Any CPU.ActiveCfg = Release|Any CPU
		{FCF903BF-C777-466A-A394-D73105DAEAA0}.Release|Any CPU.Build.0 = Release|Any CPU
		{304DCB6C-C52F-422C-A7A3-678703BA8A0A}.Debug|Any CPU.ActiveCfg = Debug|Any CPU
		{304DCB6C-C52F-422C-A7A3-678703BA8A0A}.Debug|Any CPU.Build.0 = Debug|Any CPU
		{304DCB6C-C52F-422C-A7A3-678703BA8A0A}.Release|Any CPU.ActiveCfg = Release|Any CPU
		{304DCB6C-C52F-422C-A7A3-678703BA8A0A}.Release|Any CPU.Build.0 = Release|Any CPU
		{E0081A44-667F-45A9-8C57-B16ACB18637A}.Debug|Any CPU.ActiveCfg = Debug|Any CPU
		{E0081A44-667F-45A9-8C57-B16ACB18637A}.Debug|Any CPU.Build.0 = Debug|Any CPU
		{E0081A44-667F-45A9-8C57-B16ACB18637A}.Release|Any CPU.ActiveCfg = Release|Any CPU
		{E0081A44-667F-45A9-8C57-B16ACB18637A}.Release|Any CPU.Build.0 = Release|Any CPU
		{561D3320-D328-46BE-97AF-DD09320B1EC6}.Debug|Any CPU.ActiveCfg = Debug|Any CPU
		{561D3320-D328-46BE-97AF-DD09320B1EC6}.Debug|Any CPU.Build.0 = Debug|Any CPU
		{561D3320-D328-46BE-97AF-DD09320B1EC6}.Release|Any CPU.ActiveCfg = Release|Any CPU
		{561D3320-D328-46BE-97AF-DD09320B1EC6}.Release|Any CPU.Build.0 = Release|Any CPU
		{AA05A368-05D0-494C-9479-963789AE0650}.Debug|Any CPU.ActiveCfg = Debug|Any CPU
		{AA05A368-05D0-494C-9479-963789AE0650}.Debug|Any CPU.Build.0 = Debug|Any CPU
		{AA05A368-05D0-494C-9479-963789AE0650}.Release|Any CPU.ActiveCfg = Release|Any CPU
		{AA05A368-05D0-494C-9479-963789AE0650}.Release|Any CPU.Build.0 = Release|Any CPU
		{2B267F6F-15D8-4ACA-8431-04925DFD793D}.Debug|Any CPU.ActiveCfg = Debug|Any CPU
		{2B267F6F-15D8-4ACA-8431-04925DFD793D}.Debug|Any CPU.Build.0 = Debug|Any CPU
		{2B267F6F-15D8-4ACA-8431-04925DFD793D}.Release|Any CPU.ActiveCfg = Release|Any CPU
		{2B267F6F-15D8-4ACA-8431-04925DFD793D}.Release|Any CPU.Build.0 = Release|Any CPU
		{3317A6ED-B1E2-4D27-91DA-057AD338DD52}.Debug|Any CPU.ActiveCfg = Debug|Any CPU
		{3317A6ED-B1E2-4D27-91DA-057AD338DD52}.Debug|Any CPU.Build.0 = Debug|Any CPU
		{3317A6ED-B1E2-4D27-91DA-057AD338DD52}.Release|Any CPU.ActiveCfg = Release|Any CPU
		{3317A6ED-B1E2-4D27-91DA-057AD338DD52}.Release|Any CPU.Build.0 = Release|Any CPU
		{F593B185-D6E3-44F8-8369-E860C57D2761}.Debug|Any CPU.ActiveCfg = Debug|Any CPU
		{F593B185-D6E3-44F8-8369-E860C57D2761}.Debug|Any CPU.Build.0 = Debug|Any CPU
		{F593B185-D6E3-44F8-8369-E860C57D2761}.Release|Any CPU.ActiveCfg = Release|Any CPU
		{F593B185-D6E3-44F8-8369-E860C57D2761}.Release|Any CPU.Build.0 = Release|Any CPU
		{1C877214-1B31-47B8-BB40-B2EC0C75427B}.Debug|Any CPU.ActiveCfg = Debug|Any CPU
		{1C877214-1B31-47B8-BB40-B2EC0C75427B}.Debug|Any CPU.Build.0 = Debug|Any CPU
		{1C877214-1B31-47B8-BB40-B2EC0C75427B}.Release|Any CPU.ActiveCfg = Release|Any CPU
		{1C877214-1B31-47B8-BB40-B2EC0C75427B}.Release|Any CPU.Build.0 = Release|Any CPU
	EndGlobalSection
	GlobalSection(SolutionProperties) = preSolution
		HideSolutionNode = FALSE
	EndGlobalSection
	GlobalSection(NestedProjects) = preSolution
		{03E3405D-9B11-4101-A789-226467C2DB9B} = {B3B3032F-5CD6-4E94-A6A3-A90760AE48F6}
		{73A1F878-5611-43AD-8A1F-68C51931C0FF} = {B3B3032F-5CD6-4E94-A6A3-A90760AE48F6}
		{2C91776B-6A6C-4477-9022-26CD829860B9} = {B3B3032F-5CD6-4E94-A6A3-A90760AE48F6}
		{89FDF229-74C4-459C-BA15-0F6FCF1341AF} = {0A4C57AA-412A-4594-9023-4481CBC514A5}
		{B8DE031F-68C4-4E18-A545-0A7333E700BB} = {AB517A75-E0BF-44CC-85E5-BFF1CCE6131E}
		{E559F138-CF20-441C-995F-0B0DE9425116} = {C69095D1-264D-42F3-AA2E-856E3B94B7AC}
		{49FCB6B4-9194-4489-9708-9E494EFD8A44} = {C69095D1-264D-42F3-AA2E-856E3B94B7AC}
		{73E1D608-5C45-4D5E-A1EA-DD29DB98852A} = {C69095D1-264D-42F3-AA2E-856E3B94B7AC}
		{0278958C-6F0D-4BD0-A01B-A79B4386E102} = {C69095D1-264D-42F3-AA2E-856E3B94B7AC}
		{86F2DAAC-22D4-4C58-926B-6AB077A7FD77} = {C69095D1-264D-42F3-AA2E-856E3B94B7AC}
		{BEA660B2-F255-4939-BCF3-3F8339EA3479} = {0A4C57AA-412A-4594-9023-4481CBC514A5}
		{A016748B-4EF3-4A3F-9662-AA4F3ABF5136} = {C69095D1-264D-42F3-AA2E-856E3B94B7AC}
		{DB6A86C3-0B6F-4EC5-A725-55430B2AA970} = {C69095D1-264D-42F3-AA2E-856E3B94B7AC}
		{33BC35C0-8CDC-4112-9200-A4E5CB58E7FE} = {C69095D1-264D-42F3-AA2E-856E3B94B7AC}
		{820C95B3-7A19-4C48-A706-7BC5FE8A6850} = {AB517A75-E0BF-44CC-85E5-BFF1CCE6131E}
		{554801E3-9BB3-4872-ACF0-05B9F0046136} = {03E3405D-9B11-4101-A789-226467C2DB9B}
		{BD880527-822A-4A2F-A309-0891704AA680} = {0A4C57AA-412A-4594-9023-4481CBC514A5}
		{1EADB241-7700-457D-A841-4A89E2EEDF32} = {73A1F878-5611-43AD-8A1F-68C51931C0FF}
		{16A88B04-D55F-4FF1-BA59-9862CE723153} = {73A1F878-5611-43AD-8A1F-68C51931C0FF}
		{FCF903BF-C777-466A-A394-D73105DAEAA0} = {03E3405D-9B11-4101-A789-226467C2DB9B}
		{304DCB6C-C52F-422C-A7A3-678703BA8A0A} = {2C91776B-6A6C-4477-9022-26CD829860B9}
		{E0081A44-667F-45A9-8C57-B16ACB18637A} = {2C91776B-6A6C-4477-9022-26CD829860B9}
		{561D3320-D328-46BE-97AF-DD09320B1EC6} = {2C91776B-6A6C-4477-9022-26CD829860B9}
		{9A9FD3E5-C4FF-41ED-BFAD-216777C80760} = {C69095D1-264D-42F3-AA2E-856E3B94B7AC}
		{AA05A368-05D0-494C-9479-963789AE0650} = {2C91776B-6A6C-4477-9022-26CD829860B9}
		{2B267F6F-15D8-4ACA-8431-04925DFD793D} = {2C91776B-6A6C-4477-9022-26CD829860B9}
		{3317A6ED-B1E2-4D27-91DA-057AD338DD52} = {0A4C57AA-412A-4594-9023-4481CBC514A5}
		{F593B185-D6E3-44F8-8369-E860C57D2761} = {0A4C57AA-412A-4594-9023-4481CBC514A5}
		{1C877214-1B31-47B8-BB40-B2EC0C75427B} = {03E3405D-9B11-4101-A789-226467C2DB9B}
	EndGlobalSection
	GlobalSection(ExtensibilityGlobals) = postSolution
		SolutionGuid = {51155C7E-406F-4D7C-9952-D59CB5809929}
	EndGlobalSection
EndGlobal
